
Microsoft Visual Studio Solution File, Format Version 12.00
# Visual Studio Version 16
VisualStudioVersion = 16.0.30523.141
MinimumVisualStudioVersion = 10.0.40219.1
Project("{FAE04EC0-301F-11D3-BF4B-00C04F79EFBC}") = "Modulo_Administracion", "Modulo_Administracion\Modulo_Administracion.csproj", "{21E286EE-6EF7-4AA6-B248-6A65631870E5}"
EndProject
Global
	GlobalSection(SolutionConfigurationPlatforms) = preSolution
		Debug|Any CPU = Debug|Any CPU
		Release|Any CPU = Release|Any CPU
	EndGlobalSection
	GlobalSection(ProjectConfigurationPlatforms) = postSolution
		{21E286EE-6EF7-4AA6-B248-6A65631870E5}.Debug|Any CPU.ActiveCfg = Debug|Any CPU
		{21E286EE-6EF7-4AA6-B248-6A65631870E5}.Debug|Any CPU.Build.0 = Debug|Any CPU
		{21E286EE-6EF7-4AA6-B248-6A65631870E5}.Release|Any CPU.ActiveCfg = Release|Any CPU
		{21E286EE-6EF7-4AA6-B248-6A65631870E5}.Release|Any CPU.Build.0 = Release|Any CPU
	EndGlobalSection
	GlobalSection(SolutionProperties) = preSolution
		HideSolutionNode = FALSE
	EndGlobalSection
	GlobalSection(ExtensibilityGlobals) = postSolution
		SolutionGuid = {9DE75435-AA95-496C-B30F-A34D6F059631}
	EndGlobalSection
EndGlobal
